
Microsoft Visual Studio Solution File, Format Version 12.00
# Visual Studio Version 17
VisualStudioVersion = 17.1.32228.430
MinimumVisualStudioVersion = 10.0.40219.1
Project("{FAE04EC0-301F-11D3-BF4B-00C04F79EFBC}") = "ShoppingAppCart", "ShoppingAppCart\ShoppingAppCart.csproj", "{FCB677D7-3284-45DA-B52F-0C3679F3A40E}"
EndProject
Project("{FAE04EC0-301F-11D3-BF4B-00C04F79EFBC}") = "ShoppingLibrary", "ShoppingLibrary\ShoppingLibrary.csproj", "{BF5F56B4-A994-468B-9B01-20485B4A64F0}"
EndProject
Global
	GlobalSection(SolutionConfigurationPlatforms) = preSolution
		Debug|Any CPU = Debug|Any CPU
		Release|Any CPU = Release|Any CPU
	EndGlobalSection
	GlobalSection(ProjectConfigurationPlatforms) = postSolution
		{FCB677D7-3284-45DA-B52F-0C3679F3A40E}.Debug|Any CPU.ActiveCfg = Debug|Any CPU
		{FCB677D7-3284-45DA-B52F-0C3679F3A40E}.Debug|Any CPU.Build.0 = Debug|Any CPU
		{FCB677D7-3284-45DA-B52F-0C3679F3A40E}.Release|Any CPU.ActiveCfg = Release|Any CPU
		{FCB677D7-3284-45DA-B52F-0C3679F3A40E}.Release|Any CPU.Build.0 = Release|Any CPU
		{BF5F56B4-A994-468B-9B01-20485B4A64F0}.Debug|Any CPU.ActiveCfg = Debug|Any CPU
		{BF5F56B4-A994-468B-9B01-20485B4A64F0}.Debug|Any CPU.Build.0 = Debug|Any CPU
		{BF5F56B4-A994-468B-9B01-20485B4A64F0}.Release|Any CPU.ActiveCfg = Release|Any CPU
		{BF5F56B4-A994-468B-9B01-20485B4A64F0}.Release|Any CPU.Build.0 = Release|Any CPU
	EndGlobalSection
	GlobalSection(SolutionProperties) = preSolution
		HideSolutionNode = FALSE
	EndGlobalSection
	GlobalSection(ExtensibilityGlobals) = postSolution
		SolutionGuid = {EF391886-E9BE-4BB0-BFE1-05A564D8CABE}
	EndGlobalSection
EndGlobal
